
Microsoft Visual Studio Solution File, Format Version 12.00
# Visual Studio 14
VisualStudioVersion = 14.0.23107.0
MinimumVisualStudioVersion = 10.0.40219.1
Project("{FAE04EC0-301F-11D3-BF4B-00C04F79EFBC}") = "TeaTimer.Contracts", "TeaTimer.Contracts\TeaTimer.Contracts.csproj", "{0AAD60D6-8735-4EB6-9D30-716C65A7D650}"
EndProject
Project("{FAE04EC0-301F-11D3-BF4B-00C04F79EFBC}") = "CoreTypes", "CoreTypes\CoreTypes.csproj", "{BF562F15-A7BB-4288-8E76-C52A1F812A45}"
EndProject
Project("{FAE04EC0-301F-11D3-BF4B-00C04F79EFBC}") = "TeaTimer.STTimer", "TeaTimer.STTimer\TeaTimer.STTimer.csproj", "{9306058A-28B3-416B-916B-F7D71A86C2DC}"
EndProject
Project("{FAE04EC0-301F-11D3-BF4B-00C04F79EFBC}") = "FormsFrontend", "FormsFrontend\FormsFrontend.csproj", "{AFCF2032-BA1A-419C-BF1D-DAA542C6145E}"
EndProject
Project("{FAE04EC0-301F-11D3-BF4B-00C04F79EFBC}") = "TeaTimer.RegistryRepository", "TeaTimer.RegistryRepository\TeaTimer.RegistryRepository.csproj", "{2DD05BA9-BAF1-42C7-831B-FFB21AFCDA96}"
EndProject
Project("{2150E333-8FDC-42A3-9474-1A3956D46DE8}") = "graphics", "graphics", "{5F28EFCC-B74C-4909-A841-C4511C0C232A}"
	ProjectSection(SolutionItems) = preProject
		graphics\icon.xcf = graphics\icon.xcf
	EndProjectSection
EndProject
Project("{2150E333-8FDC-42A3-9474-1A3956D46DE8}") = "Solution Items", "Solution Items", "{D21C2DA8-D08D-4636-8406-B08715821BE5}"
	ProjectSection(SolutionItems) = preProject
		.gitignore = .gitignore
		LICENSE = LICENSE
		README.md = README.md
	EndProjectSection
EndProject
Project("{930C7802-8A8C-48F9-8165-68863BCCD9DD}") = "Setup", "Setup\Setup.wixproj", "{D6CECB92-06F9-4018-A1F4-A3E1F5F11B33}"
EndProject
Project("{FAE04EC0-301F-11D3-BF4B-00C04F79EFBC}") = "Forms", "Forms\Forms.csproj", "{F1D675DC-6C19-4204-8BDD-1378D0433A3B}"
EndProject
Global
	GlobalSection(SolutionConfigurationPlatforms) = preSolution
		Debug|Any CPU = Debug|Any CPU
		Debug|x86 = Debug|x86
		Release|Any CPU = Release|Any CPU
		Release|x86 = Release|x86
	EndGlobalSection
	GlobalSection(ProjectConfigurationPlatforms) = postSolution
		{0AAD60D6-8735-4EB6-9D30-716C65A7D650}.Debug|Any CPU.ActiveCfg = Debug|Any CPU
		{0AAD60D6-8735-4EB6-9D30-716C65A7D650}.Debug|Any CPU.Build.0 = Debug|Any CPU
		{0AAD60D6-8735-4EB6-9D30-716C65A7D650}.Debug|x86.ActiveCfg = Debug|Any CPU
		{0AAD60D6-8735-4EB6-9D30-716C65A7D650}.Debug|x86.Build.0 = Debug|Any CPU
		{0AAD60D6-8735-4EB6-9D30-716C65A7D650}.Release|Any CPU.ActiveCfg = Release|Any CPU
		{0AAD60D6-8735-4EB6-9D30-716C65A7D650}.Release|Any CPU.Build.0 = Release|Any CPU
		{0AAD60D6-8735-4EB6-9D30-716C65A7D650}.Release|x86.ActiveCfg = Release|Any CPU
		{0AAD60D6-8735-4EB6-9D30-716C65A7D650}.Release|x86.Build.0 = Release|Any CPU
		{BF562F15-A7BB-4288-8E76-C52A1F812A45}.Debug|Any CPU.ActiveCfg = Debug|Any CPU
		{BF562F15-A7BB-4288-8E76-C52A1F812A45}.Debug|Any CPU.Build.0 = Debug|Any CPU
		{BF562F15-A7BB-4288-8E76-C52A1F812A45}.Debug|x86.ActiveCfg = Debug|Any CPU
		{BF562F15-A7BB-4288-8E76-C52A1F812A45}.Debug|x86.Build.0 = Debug|Any CPU
		{BF562F15-A7BB-4288-8E76-C52A1F812A45}.Release|Any CPU.ActiveCfg = Release|Any CPU
		{BF562F15-A7BB-4288-8E76-C52A1F812A45}.Release|Any CPU.Build.0 = Release|Any CPU
		{BF562F15-A7BB-4288-8E76-C52A1F812A45}.Release|x86.ActiveCfg = Release|Any CPU
		{BF562F15-A7BB-4288-8E76-C52A1F812A45}.Release|x86.Build.0 = Release|Any CPU
		{9306058A-28B3-416B-916B-F7D71A86C2DC}.Debug|Any CPU.ActiveCfg = Debug|Any CPU
		{9306058A-28B3-416B-916B-F7D71A86C2DC}.Debug|Any CPU.Build.0 = Debug|Any CPU
		{9306058A-28B3-416B-916B-F7D71A86C2DC}.Debug|x86.ActiveCfg = Debug|Any CPU
		{9306058A-28B3-416B-916B-F7D71A86C2DC}.Debug|x86.Build.0 = Debug|Any CPU
		{9306058A-28B3-416B-916B-F7D71A86C2DC}.Release|Any CPU.ActiveCfg = Release|Any CPU
		{9306058A-28B3-416B-916B-F7D71A86C2DC}.Release|Any CPU.Build.0 = Release|Any CPU
		{9306058A-28B3-416B-916B-F7D71A86C2DC}.Release|x86.ActiveCfg = Release|Any CPU
		{9306058A-28B3-416B-916B-F7D71A86C2DC}.Release|x86.Build.0 = Release|Any CPU
		{AFCF2032-BA1A-419C-BF1D-DAA542C6145E}.Debug|Any CPU.ActiveCfg = Debug|Any CPU
		{AFCF2032-BA1A-419C-BF1D-DAA542C6145E}.Debug|Any CPU.Build.0 = Debug|Any CPU
		{AFCF2032-BA1A-419C-BF1D-DAA542C6145E}.Debug|x86.ActiveCfg = Debug|Any CPU
		{AFCF2032-BA1A-419C-BF1D-DAA542C6145E}.Debug|x86.Build.0 = Debug|Any CPU
		{AFCF2032-BA1A-419C-BF1D-DAA542C6145E}.Release|Any CPU.ActiveCfg = Release|Any CPU
		{AFCF2032-BA1A-419C-BF1D-DAA542C6145E}.Release|Any CPU.Build.0 = Release|Any CPU
		{AFCF2032-BA1A-419C-BF1D-DAA542C6145E}.Release|x86.ActiveCfg = Release|Any CPU
		{AFCF2032-BA1A-419C-BF1D-DAA542C6145E}.Release|x86.Build.0 = Release|Any CPU
		{2DD05BA9-BAF1-42C7-831B-FFB21AFCDA96}.Debug|Any CPU.ActiveCfg = Debug|Any CPU
		{2DD05BA9-BAF1-42C7-831B-FFB21AFCDA96}.Debug|Any CPU.Build.0 = Debug|Any CPU
		{2DD05BA9-BAF1-42C7-831B-FFB21AFCDA96}.Debug|x86.ActiveCfg = Debug|Any CPU
		{2DD05BA9-BAF1-42C7-831B-FFB21AFCDA96}.Debug|x86.Build.0 = Debug|Any CPU
		{2DD05BA9-BAF1-42C7-831B-FFB21AFCDA96}.Release|Any CPU.ActiveCfg = Release|Any CPU
		{2DD05BA9-BAF1-42C7-831B-FFB21AFCDA96}.Release|Any CPU.Build.0 = Release|Any CPU
		{2DD05BA9-BAF1-42C7-831B-FFB21AFCDA96}.Release|x86.ActiveCfg = Release|Any CPU
		{2DD05BA9-BAF1-42C7-831B-FFB21AFCDA96}.Release|x86.Build.0 = Release|Any CPU
		{D6CECB92-06F9-4018-A1F4-A3E1F5F11B33}.Debug|Any CPU.ActiveCfg = Debug|x86
		{D6CECB92-06F9-4018-A1F4-A3E1F5F11B33}.Debug|x86.ActiveCfg = Debug|x86
		{D6CECB92-06F9-4018-A1F4-A3E1F5F11B33}.Debug|x86.Build.0 = Debug|x86
		{D6CECB92-06F9-4018-A1F4-A3E1F5F11B33}.Release|Any CPU.ActiveCfg = Release|x86
		{D6CECB92-06F9-4018-A1F4-A3E1F5F11B33}.Release|x86.ActiveCfg = Release|x86
		{D6CECB92-06F9-4018-A1F4-A3E1F5F11B33}.Release|x86.Build.0 = Release|x86
		{F1D675DC-6C19-4204-8BDD-1378D0433A3B}.Debug|Any CPU.ActiveCfg = Debug|Any CPU
		{F1D675DC-6C19-4204-8BDD-1378D0433A3B}.Debug|Any CPU.Build.0 = Debug|Any CPU
		{F1D675DC-6C19-4204-8BDD-1378D0433A3B}.Debug|x86.ActiveCfg = Debug|Any CPU
		{F1D675DC-6C19-4204-8BDD-1378D0433A3B}.Debug|x86.Build.0 = Debug|Any CPU
		{F1D675DC-6C19-4204-8BDD-1378D0433A3B}.Release|Any CPU.ActiveCfg = Release|Any CPU
		{F1D675DC-6C19-4204-8BDD-1378D0433A3B}.Release|Any CPU.Build.0 = Release|Any CPU
		{F1D675DC-6C19-4204-8BDD-1378D0433A3B}.Release|x86.ActiveCfg = Release|Any CPU
		{F1D675DC-6C19-4204-8BDD-1378D0433A3B}.Release|x86.Build.0 = Release|Any CPU
	EndGlobalSection
	GlobalSection(SolutionProperties) = preSolution
		HideSolutionNode = FALSE
	EndGlobalSection
EndGlobal
